{
  "name": "static-page-renderer",
  "lockfileVersion": 2,
  "requires": true,
  "packages": {
    "": {
      "dependencies": {
        "marked": "^1.2.5"
      }
    },
    "node_modules/marked": {
      "version": "1.2.5",
      "resolved": "https://registry.npmjs.org/marked/-/marked-1.2.5.tgz",
      "integrity": "sha512-2AlqgYnVPOc9WDyWu7S5DJaEZsfk6dNh/neatQ3IHUW4QLutM/VPSH9lG7bif+XjFWc9K9XR3QvR+fXuECmfdA==",
      "bin": {
        "marked": "bin/marked"
      },
      "engines": {
        "node": ">= 8.16.2"
      }
    }
  },
  "dependencies": {
    "marked": {
      "version": "1.2.5",
      "resolved": "https://registry.npmjs.org/marked/-/marked-1.2.5.tgz",
      "integrity": "sha512-2AlqgYnVPOc9WDyWu7S5DJaEZsfk6dNh/neatQ3IHUW4QLutM/VPSH9lG7bif+XjFWc9K9XR3QvR+fXuECmfdA=="
    }
  }
}
